
Microsoft Visual Studio Solution File, Format Version 12.00
Project("{FAE04EC0-301F-11D3-BF4B-00C04F79EFBC}") = "DuplicateFileFinder", "DuplicateFileFinder\DuplicateFileFinder.csproj", "{E449C5D8-3B10-4D03-943A-B6437F963E7A}"
EndProject
Project("{2150E333-8FDC-42A3-9474-1A3956D46DE8}") = ".github", ".github", "{8F55B9BA-C268-42B2-AC9E-D5D6F44B5AED}"
EndProject
Project("{2150E333-8FDC-42A3-9474-1A3956D46DE8}") = "workflows", "workflows", "{60AC9086-CF7E-4566-9603-DCEAE870BE38}"
	ProjectSection(SolutionItems) = preProject
		.github\workflows\release.yaml = .github\workflows\release.yaml
		.github\workflows\build.yaml = .github\workflows\build.yaml
	EndProjectSection
EndProject
Global
	GlobalSection(SolutionConfigurationPlatforms) = preSolution
		Debug|Any CPU = Debug|Any CPU
		Release|Any CPU = Release|Any CPU
	EndGlobalSection
	GlobalSection(ProjectConfigurationPlatforms) = postSolution
		{E449C5D8-3B10-4D03-943A-B6437F963E7A}.Debug|Any CPU.ActiveCfg = Debug|Any CPU
		{E449C5D8-3B10-4D03-943A-B6437F963E7A}.Debug|Any CPU.Build.0 = Debug|Any CPU
		{E449C5D8-3B10-4D03-943A-B6437F963E7A}.Release|Any CPU.ActiveCfg = Release|Any CPU
		{E449C5D8-3B10-4D03-943A-B6437F963E7A}.Release|Any CPU.Build.0 = Release|Any CPU
	EndGlobalSection
	GlobalSection(NestedProjects) = preSolution
		{60AC9086-CF7E-4566-9603-DCEAE870BE38} = {8F55B9BA-C268-42B2-AC9E-D5D6F44B5AED}
	EndGlobalSection
EndGlobal
